
Microsoft Visual Studio Solution File, Format Version 12.00
# Visual Studio Version 17
VisualStudioVersion = 17.7.34024.191
MinimumVisualStudioVersion = 10.0.40219.1
Project("{9A19103F-16F7-4668-BE54-9A1E7A4F7556}") = "Task_1", "Task_1\Task_1.csproj", "{DC22CBB8-4ABC-4CDD-A063-C385C0DF33F7}"
EndProject
Project("{9A19103F-16F7-4668-BE54-9A1E7A4F7556}") = "Task_2", "Task_2\Task_2.csproj", "{212B1B85-F479-43A3-912E-804A55DF265E}"
EndProject
Project("{9A19103F-16F7-4668-BE54-9A1E7A4F7556}") = "Task_3", "Task_3\Task_3.csproj", "{35B455AD-7589-44EE-A407-16E1A52C5FA4}"
EndProject
Project("{FAE04EC0-301F-11D3-BF4B-00C04F79EFBC}") = "Task_4", "Task_4\Task_4.csproj", "{6CD63B89-E308-4132-A11D-9816C19E4590}"
EndProject
Global
	GlobalSection(SolutionConfigurationPlatforms) = preSolution
		Debug|Any CPU = Debug|Any CPU
		Release|Any CPU = Release|Any CPU
	EndGlobalSection
	GlobalSection(ProjectConfigurationPlatforms) = postSolution
		{DC22CBB8-4ABC-4CDD-A063-C385C0DF33F7}.Debug|Any CPU.ActiveCfg = Debug|Any CPU
		{DC22CBB8-4ABC-4CDD-A063-C385C0DF33F7}.Debug|Any CPU.Build.0 = Debug|Any CPU
		{DC22CBB8-4ABC-4CDD-A063-C385C0DF33F7}.Release|Any CPU.ActiveCfg = Release|Any CPU
		{DC22CBB8-4ABC-4CDD-A063-C385C0DF33F7}.Release|Any CPU.Build.0 = Release|Any CPU
		{212B1B85-F479-43A3-912E-804A55DF265E}.Debug|Any CPU.ActiveCfg = Debug|Any CPU
		{212B1B85-F479-43A3-912E-804A55DF265E}.Debug|Any CPU.Build.0 = Debug|Any CPU
		{212B1B85-F479-43A3-912E-804A55DF265E}.Release|Any CPU.ActiveCfg = Release|Any CPU
		{212B1B85-F479-43A3-912E-804A55DF265E}.Release|Any CPU.Build.0 = Release|Any CPU
		{35B455AD-7589-44EE-A407-16E1A52C5FA4}.Debug|Any CPU.ActiveCfg = Debug|Any CPU
		{35B455AD-7589-44EE-A407-16E1A52C5FA4}.Debug|Any CPU.Build.0 = Debug|Any CPU
		{35B455AD-7589-44EE-A407-16E1A52C5FA4}.Release|Any CPU.ActiveCfg = Release|Any CPU
		{35B455AD-7589-44EE-A407-16E1A52C5FA4}.Release|Any CPU.Build.0 = Release|Any CPU
		{6CD63B89-E308-4132-A11D-9816C19E4590}.Debug|Any CPU.ActiveCfg = Debug|Any CPU
		{6CD63B89-E308-4132-A11D-9816C19E4590}.Debug|Any CPU.Build.0 = Debug|Any CPU
		{6CD63B89-E308-4132-A11D-9816C19E4590}.Release|Any CPU.ActiveCfg = Release|Any CPU
		{6CD63B89-E308-4132-A11D-9816C19E4590}.Release|Any CPU.Build.0 = Release|Any CPU
	EndGlobalSection
	GlobalSection(SolutionProperties) = preSolution
		HideSolutionNode = FALSE
	EndGlobalSection
	GlobalSection(ExtensibilityGlobals) = postSolution
		SolutionGuid = {4D009883-E914-4B7C-BA47-7563B4DE20B3}
	EndGlobalSection
EndGlobal
